// !$*UTF8*$!
{
	archiveVersion = 1;
	classes = {
	};
	objectVersion = 46;
	objects = {

/* Begin PBXBuildFile section */
		4F4C4D142673A0320036F2E6 /* XCTestObservationCenter+CurrentTestCaseTracker.m in Sources */ = {isa = PBXBuildFile; fileRef = 4F4C4D132673A0320036F2E6 /* XCTestObservationCenter+CurrentTestCaseTracker.m */; };
		4F4C4D162673A03A0036F2E6 /* XCTestObservationCenter+CurrentTestCaseTracker.h in Headers */ = {isa = PBXBuildFile; fileRef = 4F4C4D152673A03A0036F2E6 /* XCTestObservationCenter+CurrentTestCaseTracker.h */; };
		4F4C4D182673A0450036F2E6 /* PrettySyntax.swift in Sources */ = {isa = PBXBuildFile; fileRef = 4F4C4D172673A0450036F2E6 /* PrettySyntax.swift */; };
		4F4C4D1E2673A05D0036F2E6 /* HaveValidSnapshot.swift in Sources */ = {isa = PBXBuildFile; fileRef = 4F4C4D1D2673A05D0036F2E6 /* HaveValidSnapshot.swift */; };
		4F4C4D202673A0660036F2E6 /* CurrentTestCaseTracker.swift in Sources */ = {isa = PBXBuildFile; fileRef = 4F4C4D1F2673A0660036F2E6 /* CurrentTestCaseTracker.swift */; };
		4F4C4D242673A0770036F2E6 /* PrettyDynamicTypeSyntax.swift in Sources */ = {isa = PBXBuildFile; fileRef = 4F4C4D222673A0770036F2E6 /* PrettyDynamicTypeSyntax.swift */; };
		4F4C4D252673A0770036F2E6 /* HaveValidDynamicTypeSnapshot.swift in Sources */ = {isa = PBXBuildFile; fileRef = 4F4C4D232673A0770036F2E6 /* HaveValidDynamicTypeSnapshot.swift */; };
		4F4C4D272673A0840036F2E6 /* NBSMockedApplication.m in Sources */ = {isa = PBXBuildFile; fileRef = 4F4C4D262673A0840036F2E6 /* NBSMockedApplication.m */; };
		4F4C4D292673A0890036F2E6 /* NBSMockedApplication.h in Headers */ = {isa = PBXBuildFile; fileRef = 4F4C4D282673A0890036F2E6 /* NBSMockedApplication.h */; settings = {ATTRIBUTES = (Public, ); }; };
		4F4C4D2C2673A0960036F2E6 /* DynamicSizeSnapshot.swift in Sources */ = {isa = PBXBuildFile; fileRef = 4F4C4D2B2673A0960036F2E6 /* DynamicSizeSnapshot.swift */; };
		4F4C4D2E2673A8AC0036F2E6 /* Nimble_Snapshots.h in Headers */ = {isa = PBXBuildFile; fileRef = 4F4C4D2D2673A8AC0036F2E6 /* Nimble_Snapshots.h */; settings = {ATTRIBUTES = (Public, ); }; };
		4F4C4D302673AB370036F2E6 /* FileString+String.swift in Sources */ = {isa = PBXBuildFile; fileRef = 4F4C4D2F2673AB370036F2E6 /* FileString+String.swift */; };
/* End PBXBuildFile section */

/* Begin PBXFileReference section */
		095B476D1D4773F000880922 /* Nimble_Snapshots.framework */ = {isa = PBXFileReference; explicitFileType = wrapper.framework; includeInIndex = 0; path = Nimble_Snapshots.framework; sourceTree = BUILT_PRODUCTS_DIR; };
		095B47861D47761500880922 /* FBSnapshotTestCase.framework */ = {isa = PBXFileReference; lastKnownFileType = wrapper.framework; name = FBSnapshotTestCase.framework; path = Carthage/Build/iOS/FBSnapshotTestCase.framework; sourceTree = "<group>"; };
		095B47871D47761500880922 /* Nimble.framework */ = {isa = PBXFileReference; lastKnownFileType = wrapper.framework; name = Nimble.framework; path = Carthage/Build/iOS/Nimble.framework; sourceTree = "<group>"; };
		1A6755DD1F2A8D8E00D71721 /* Nimble_Snapshots.xcconfig */ = {isa = PBXFileReference; fileEncoding = 4; lastKnownFileType = text.xcconfig; path = Nimble_Snapshots.xcconfig; sourceTree = "<group>"; };
		4F4C4D132673A0320036F2E6 /* XCTestObservationCenter+CurrentTestCaseTracker.m */ = {isa = PBXFileReference; fileEncoding = 4; lastKnownFileType = sourcecode.c.objc; name = "XCTestObservationCenter+CurrentTestCaseTracker.m"; path = "Sources/Nimble-Snapshots-Core/XCTestObservationCenter+CurrentTestCaseTracker.m"; sourceTree = SOURCE_ROOT; };
		4F4C4D152673A03A0036F2E6 /* XCTestObservationCenter+CurrentTestCaseTracker.h */ = {isa = PBXFileReference; fileEncoding = 4; lastKnownFileType = sourcecode.c.h; name = "XCTestObservationCenter+CurrentTestCaseTracker.h"; path = "Sources/Nimble-Snapshots-Core/include/XCTestObservationCenter+CurrentTestCaseTracker.h"; sourceTree = SOURCE_ROOT; };
		4F4C4D172673A0450036F2E6 /* PrettySyntax.swift */ = {isa = PBXFileReference; fileEncoding = 4; lastKnownFileType = sourcecode.swift; name = PrettySyntax.swift; path = Sources/Nimble_Snapshots/PrettySyntax.swift; sourceTree = SOURCE_ROOT; };
		4F4C4D1B2673A0550036F2E6 /* Info.plist */ = {isa = PBXFileReference; lastKnownFileType = text.plist; name = Info.plist; path = Sources/Info.plist; sourceTree = SOURCE_ROOT; };
		4F4C4D1D2673A05D0036F2E6 /* HaveValidSnapshot.swift */ = {isa = PBXFileReference; fileEncoding = 4; lastKnownFileType = sourcecode.swift; name = HaveValidSnapshot.swift; path = Sources/Nimble_Snapshots/HaveValidSnapshot.swift; sourceTree = SOURCE_ROOT; };
		4F4C4D1F2673A0660036F2E6 /* CurrentTestCaseTracker.swift */ = {isa = PBXFileReference; fileEncoding = 4; lastKnownFileType = sourcecode.swift; name = CurrentTestCaseTracker.swift; path = "Sources/Nimble_Snapshots-Swift-Core/CurrentTestCaseTracker.swift"; sourceTree = SOURCE_ROOT; };
		4F4C4D222673A0770036F2E6 /* PrettyDynamicTypeSyntax.swift */ = {isa = PBXFileReference; fileEncoding = 4; lastKnownFileType = sourcecode.swift; path = PrettyDynamicTypeSyntax.swift; sourceTree = "<group>"; };
		4F4C4D232673A0770036F2E6 /* HaveValidDynamicTypeSnapshot.swift */ = {isa = PBXFileReference; fileEncoding = 4; lastKnownFileType = sourcecode.swift; path = HaveValidDynamicTypeSnapshot.swift; sourceTree = "<group>"; };
		4F4C4D262673A0840036F2E6 /* NBSMockedApplication.m */ = {isa = PBXFileReference; fileEncoding = 4; lastKnownFileType = sourcecode.c.objc; name = NBSMockedApplication.m; path = "Sources/Nimble-Snapshots-Core/NBSMockedApplication.m"; sourceTree = SOURCE_ROOT; };
		4F4C4D282673A0890036F2E6 /* NBSMockedApplication.h */ = {isa = PBXFileReference; fileEncoding = 4; lastKnownFileType = sourcecode.c.h; name = NBSMockedApplication.h; path = "Sources/Nimble-Snapshots-Core/include/NBSMockedApplication.h"; sourceTree = SOURCE_ROOT; };
		4F4C4D2B2673A0960036F2E6 /* DynamicSizeSnapshot.swift */ = {isa = PBXFileReference; fileEncoding = 4; lastKnownFileType = sourcecode.swift; path = DynamicSizeSnapshot.swift; sourceTree = "<group>"; };
		4F4C4D2D2673A8AC0036F2E6 /* Nimble_Snapshots.h */ = {isa = PBXFileReference; fileEncoding = 4; lastKnownFileType = sourcecode.c.h; name = Nimble_Snapshots.h; path = Sources/Nimble_Snapshots/Nimble_Snapshots.h; sourceTree = "<group>"; };
		4F4C4D2F2673AB370036F2E6 /* FileString+String.swift */ = {isa = PBXFileReference; fileEncoding = 4; lastKnownFileType = sourcecode.swift; name = "FileString+String.swift"; path = "Sources/Nimble_Snapshots/FileString+String.swift"; sourceTree = "<group>"; };
		A0862BFC229C43EE004E82D2 /* Nimble-Snapshots.podspec */ = {isa = PBXFileReference; lastKnownFileType = text; path = "Nimble-Snapshots.podspec"; sourceTree = "<group>"; xcLanguageSpecificationIdentifier = xcode.lang.ruby; };
/* End PBXFileReference section */

/* Begin PBXFrameworksBuildPhase section */
		095B47691D4773F000880922 /* Frameworks */ = {
			isa = PBXFrameworksBuildPhase;
			buildActionMask = 2147483647;
			files = (
			);
			runOnlyForDeploymentPostprocessing = 0;
		};
/* End PBXFrameworksBuildPhase section */

/* Begin PBXGroup section */
		095B47631D4773F000880922 = {
			isa = PBXGroup;
			children = (
				A0862BFC229C43EE004E82D2 /* Nimble-Snapshots.podspec */,
				095B476F1D4773F000880922 /* Nimble_Snapshots */,
				095B476E1D4773F000880922 /* Products */,
				095B47861D47761500880922 /* FBSnapshotTestCase.framework */,
				095B47871D47761500880922 /* Nimble.framework */,
			);
			sourceTree = "<group>";
		};
		095B476E1D4773F000880922 /* Products */ = {
			isa = PBXGroup;
			children = (
				095B476D1D4773F000880922 /* Nimble_Snapshots.framework */,
			);
			name = Products;
			sourceTree = "<group>";
		};
		095B476F1D4773F000880922 /* Nimble_Snapshots */ = {
			isa = PBXGroup;
			children = (
				4F4C4D2A2673A0960036F2E6 /* DynamicSize */,
				4F4C4D212673A0770036F2E6 /* DynamicType */,
				4F4C4D1F2673A0660036F2E6 /* CurrentTestCaseTracker.swift */,
				4F4C4D1D2673A05D0036F2E6 /* HaveValidSnapshot.swift */,
				4F4C4D2F2673AB370036F2E6 /* FileString+String.swift */,
				4F4C4D1B2673A0550036F2E6 /* Info.plist */,
				1A6755DD1F2A8D8E00D71721 /* Nimble_Snapshots.xcconfig */,
				4F4C4D172673A0450036F2E6 /* PrettySyntax.swift */,
				4F4C4D152673A03A0036F2E6 /* XCTestObservationCenter+CurrentTestCaseTracker.h */,
				4F4C4D132673A0320036F2E6 /* XCTestObservationCenter+CurrentTestCaseTracker.m */,
				4F4C4D2D2673A8AC0036F2E6 /* Nimble_Snapshots.h */,
			);
			name = Nimble_Snapshots;
			sourceTree = "<group>";
		};
		4F4C4D212673A0770036F2E6 /* DynamicType */ = {
			isa = PBXGroup;
			children = (
				4F4C4D222673A0770036F2E6 /* PrettyDynamicTypeSyntax.swift */,
				4F4C4D282673A0890036F2E6 /* NBSMockedApplication.h */,
				4F4C4D262673A0840036F2E6 /* NBSMockedApplication.m */,
				4F4C4D232673A0770036F2E6 /* HaveValidDynamicTypeSnapshot.swift */,
			);
			name = DynamicType;
			path = Sources/Nimble_Snapshots/DynamicType;
			sourceTree = SOURCE_ROOT;
		};
		4F4C4D2A2673A0960036F2E6 /* DynamicSize */ = {
			isa = PBXGroup;
			children = (
				4F4C4D2B2673A0960036F2E6 /* DynamicSizeSnapshot.swift */,
			);
			name = DynamicSize;
			path = Sources/Nimble_Snapshots/DynamicSize;
			sourceTree = SOURCE_ROOT;
		};
/* End PBXGroup section */

/* Begin PBXHeadersBuildPhase section */
		095B476A1D4773F000880922 /* Headers */ = {
			isa = PBXHeadersBuildPhase;
			buildActionMask = 2147483647;
			files = (
				4F4C4D162673A03A0036F2E6 /* XCTestObservationCenter+CurrentTestCaseTracker.h in Headers */,
				4F4C4D292673A0890036F2E6 /* NBSMockedApplication.h in Headers */,
				4F4C4D2E2673A8AC0036F2E6 /* Nimble_Snapshots.h in Headers */,
			);
			runOnlyForDeploymentPostprocessing = 0;
		};
/* End PBXHeadersBuildPhase section */

/* Begin PBXNativeTarget section */
		095B476C1D4773F000880922 /* Nimble_Snapshots */ = {
			isa = PBXNativeTarget;
			buildConfigurationList = 095B47751D4773F000880922 /* Build configuration list for PBXNativeTarget "Nimble_Snapshots" */;
			buildPhases = (
				A2C444A42165711A00D3C8EE /* Swiftlint */,
				095B47681D4773F000880922 /* Sources */,
				095B47691D4773F000880922 /* Frameworks */,
				095B476A1D4773F000880922 /* Headers */,
				095B476B1D4773F000880922 /* Resources */,
			);
			buildRules = (
			);
			dependencies = (
			);
			name = Nimble_Snapshots;
			productName = Nimble_Snapshots;
			productReference = 095B476D1D4773F000880922 /* Nimble_Snapshots.framework */;
			productType = "com.apple.product-type.framework";
		};
/* End PBXNativeTarget section */

/* Begin PBXProject section */
		095B47641D4773F000880922 /* Project object */ = {
			isa = PBXProject;
			attributes = {
				LastUpgradeCheck = 1200;
				ORGANIZATIONNAME = Wallapop;
				TargetAttributes = {
					095B476C1D4773F000880922 = {
						CreatedOnToolsVersion = 7.3.1;
						LastSwiftMigration = 1020;
					};
				};
			};
			buildConfigurationList = 095B47671D4773F000880922 /* Build configuration list for PBXProject "Nimble_Snapshots" */;
			compatibilityVersion = "Xcode 3.2";
			developmentRegion = en;
			hasScannedForEncodings = 0;
			knownRegions = (
				en,
				Base,
			);
			mainGroup = 095B47631D4773F000880922;
			productRefGroup = 095B476E1D4773F000880922 /* Products */;
			projectDirPath = "";
			projectRoot = "";
			targets = (
				095B476C1D4773F000880922 /* Nimble_Snapshots */,
			);
		};
/* End PBXProject section */

/* Begin PBXResourcesBuildPhase section */
		095B476B1D4773F000880922 /* Resources */ = {
			isa = PBXResourcesBuildPhase;
			buildActionMask = 2147483647;
			files = (
			);
			runOnlyForDeploymentPostprocessing = 0;
		};
/* End PBXResourcesBuildPhase section */

/* Begin PBXShellScriptBuildPhase section */
		A2C444A42165711A00D3C8EE /* Swiftlint */ = {
			isa = PBXShellScriptBuildPhase;
			buildActionMask = 2147483647;
			files = (
			);
			inputPaths = (
			);
			name = Swiftlint;
			outputPaths = (
			);
			runOnlyForDeploymentPostprocessing = 0;
			shellPath = /bin/sh;
			shellScript = "if which swiftlint >/dev/null; then\nswiftlint\nelse\necho \"warning: SwiftLint not installed, download from https://github.com/realm/SwiftLint\"\nfi\n";
		};
/* End PBXShellScriptBuildPhase section */

/* Begin PBXSourcesBuildPhase section */
		095B47681D4773F000880922 /* Sources */ = {
			isa = PBXSourcesBuildPhase;
			buildActionMask = 2147483647;
			files = (
				4F4C4D302673AB370036F2E6 /* FileString+String.swift in Sources */,
				4F4C4D1E2673A05D0036F2E6 /* HaveValidSnapshot.swift in Sources */,
				4F4C4D182673A0450036F2E6 /* PrettySyntax.swift in Sources */,
				4F4C4D142673A0320036F2E6 /* XCTestObservationCenter+CurrentTestCaseTracker.m in Sources */,
				4F4C4D202673A0660036F2E6 /* CurrentTestCaseTracker.swift in Sources */,
				4F4C4D252673A0770036F2E6 /* HaveValidDynamicTypeSnapshot.swift in Sources */,
				4F4C4D2C2673A0960036F2E6 /* DynamicSizeSnapshot.swift in Sources */,
				4F4C4D272673A0840036F2E6 /* NBSMockedApplication.m in Sources */,
				4F4C4D242673A0770036F2E6 /* PrettyDynamicTypeSyntax.swift in Sources */,
			);
			runOnlyForDeploymentPostprocessing = 0;
		};
/* End PBXSourcesBuildPhase section */

/* Begin XCBuildConfiguration section */
		095B47731D4773F000880922 /* Debug */ = {
			isa = XCBuildConfiguration;
			buildSettings = {
				ALWAYS_SEARCH_USER_PATHS = NO;
				CLANG_ANALYZER_LOCALIZABILITY_NONLOCALIZED = YES;
				CLANG_ANALYZER_NONNULL = YES;
				CLANG_CXX_LANGUAGE_STANDARD = "gnu++0x";
				CLANG_CXX_LIBRARY = "libc++";
				CLANG_ENABLE_MODULES = YES;
				CLANG_ENABLE_OBJC_ARC = YES;
				CLANG_WARN_BLOCK_CAPTURE_AUTORELEASING = YES;
				CLANG_WARN_BOOL_CONVERSION = YES;
				CLANG_WARN_COMMA = YES;
				CLANG_WARN_CONSTANT_CONVERSION = YES;
				CLANG_WARN_DEPRECATED_OBJC_IMPLEMENTATIONS = YES;
				CLANG_WARN_DIRECT_OBJC_ISA_USAGE = YES_ERROR;
				CLANG_WARN_EMPTY_BODY = YES;
				CLANG_WARN_ENUM_CONVERSION = YES;
				CLANG_WARN_INFINITE_RECURSION = YES;
				CLANG_WARN_INT_CONVERSION = YES;
				CLANG_WARN_NON_LITERAL_NULL_CONVERSION = YES;
				CLANG_WARN_OBJC_IMPLICIT_RETAIN_SELF = YES;
				CLANG_WARN_OBJC_LITERAL_CONVERSION = YES;
				CLANG_WARN_OBJC_ROOT_CLASS = YES_ERROR;
				CLANG_WARN_QUOTED_INCLUDE_IN_FRAMEWORK_HEADER = YES;
				CLANG_WARN_RANGE_LOOP_ANALYSIS = YES;
				CLANG_WARN_STRICT_PROTOTYPES = YES;
				CLANG_WARN_SUSPICIOUS_MOVE = YES;
				CLANG_WARN_UNREACHABLE_CODE = YES;
				CLANG_WARN__DUPLICATE_METHOD_MATCH = YES;
				"CODE_SIGN_IDENTITY[sdk=iphoneos*]" = "iPhone Developer";
				COPY_PHASE_STRIP = NO;
				CURRENT_PROJECT_VERSION = 1;
				DEBUG_INFORMATION_FORMAT = dwarf;
				ENABLE_STRICT_OBJC_MSGSEND = YES;
				ENABLE_TESTABILITY = YES;
				GCC_C_LANGUAGE_STANDARD = gnu99;
				GCC_DYNAMIC_NO_PIC = NO;
				GCC_NO_COMMON_BLOCKS = YES;
				GCC_OPTIMIZATION_LEVEL = 0;
				GCC_PREPROCESSOR_DEFINITIONS = (
					"DEBUG=1",
					"$(inherited)",
				);
				GCC_WARN_64_TO_32_BIT_CONVERSION = YES;
				GCC_WARN_ABOUT_RETURN_TYPE = YES_ERROR;
				GCC_WARN_UNDECLARED_SELECTOR = YES;
				GCC_WARN_UNINITIALIZED_AUTOS = YES_AGGRESSIVE;
				GCC_WARN_UNUSED_FUNCTION = YES;
				GCC_WARN_UNUSED_VARIABLE = YES;
				IPHONEOS_DEPLOYMENT_TARGET = 9.0;
				MTL_ENABLE_DEBUG_INFO = YES;
				ONLY_ACTIVE_ARCH = YES;
				SDKROOT = iphoneos;
				SWIFT_OPTIMIZATION_LEVEL = "-Onone";
				TARGETED_DEVICE_FAMILY = "1,2";
				VERSIONING_SYSTEM = "apple-generic";
				VERSION_INFO_PREFIX = "";
			};
			name = Debug;
		};
		095B47741D4773F000880922 /* Release */ = {
			isa = XCBuildConfiguration;
			buildSettings = {
				ALWAYS_SEARCH_USER_PATHS = NO;
				CLANG_ANALYZER_LOCALIZABILITY_NONLOCALIZED = YES;
				CLANG_ANALYZER_NONNULL = YES;
				CLANG_CXX_LANGUAGE_STANDARD = "gnu++0x";
				CLANG_CXX_LIBRARY = "libc++";
				CLANG_ENABLE_MODULES = YES;
				CLANG_ENABLE_OBJC_ARC = YES;
				CLANG_WARN_BLOCK_CAPTURE_AUTORELEASING = YES;
				CLANG_WARN_BOOL_CONVERSION = YES;
				CLANG_WARN_COMMA = YES;
				CLANG_WARN_CONSTANT_CONVERSION = YES;
				CLANG_WARN_DEPRECATED_OBJC_IMPLEMENTATIONS = YES;
				CLANG_WARN_DIRECT_OBJC_ISA_USAGE = YES_ERROR;
				CLANG_WARN_EMPTY_BODY = YES;
				CLANG_WARN_ENUM_CONVERSION = YES;
				CLANG_WARN_INFINITE_RECURSION = YES;
				CLANG_WARN_INT_CONVERSION = YES;
				CLANG_WARN_NON_LITERAL_NULL_CONVERSION = YES;
				CLANG_WARN_OBJC_IMPLICIT_RETAIN_SELF = YES;
				CLANG_WARN_OBJC_LITERAL_CONVERSION = YES;
				CLANG_WARN_OBJC_ROOT_CLASS = YES_ERROR;
				CLANG_WARN_QUOTED_INCLUDE_IN_FRAMEWORK_HEADER = YES;
				CLANG_WARN_RANGE_LOOP_ANALYSIS = YES;
				CLANG_WARN_STRICT_PROTOTYPES = YES;
				CLANG_WARN_SUSPICIOUS_MOVE = YES;
				CLANG_WARN_UNREACHABLE_CODE = YES;
				CLANG_WARN__DUPLICATE_METHOD_MATCH = YES;
				"CODE_SIGN_IDENTITY[sdk=iphoneos*]" = "iPhone Developer";
				COPY_PHASE_STRIP = NO;
				CURRENT_PROJECT_VERSION = 1;
				DEBUG_INFORMATION_FORMAT = "dwarf-with-dsym";
				ENABLE_NS_ASSERTIONS = NO;
				ENABLE_STRICT_OBJC_MSGSEND = YES;
				GCC_C_LANGUAGE_STANDARD = gnu99;
				GCC_NO_COMMON_BLOCKS = YES;
				GCC_WARN_64_TO_32_BIT_CONVERSION = YES;
				GCC_WARN_ABOUT_RETURN_TYPE = YES_ERROR;
				GCC_WARN_UNDECLARED_SELECTOR = YES;
				GCC_WARN_UNINITIALIZED_AUTOS = YES_AGGRESSIVE;
				GCC_WARN_UNUSED_FUNCTION = YES;
				GCC_WARN_UNUSED_VARIABLE = YES;
				IPHONEOS_DEPLOYMENT_TARGET = 9.0;
				MTL_ENABLE_DEBUG_INFO = NO;
				SDKROOT = iphoneos;
				SWIFT_COMPILATION_MODE = wholemodule;
				TARGETED_DEVICE_FAMILY = "1,2";
				VALIDATE_PRODUCT = YES;
				VERSIONING_SYSTEM = "apple-generic";
				VERSION_INFO_PREFIX = "";
			};
			name = Release;
		};
		095B47761D4773F000880922 /* Debug */ = {
			isa = XCBuildConfiguration;
			baseConfigurationReference = 1A6755DD1F2A8D8E00D71721 /* Nimble_Snapshots.xcconfig */;
			buildSettings = {
				CLANG_ENABLE_MODULES = YES;
				CODE_SIGN_IDENTITY = "";
				DEFINES_MODULE = YES;
				DYLIB_COMPATIBILITY_VERSION = 1;
				DYLIB_CURRENT_VERSION = 1;
				DYLIB_INSTALL_NAME_BASE = "@rpath";
				ENABLE_BITCODE = NO;
				INFOPLIST_FILE = "$(SRCROOT)/Sources/Info.plist";
				INSTALL_PATH = "$(LOCAL_LIBRARY_DIR)/Frameworks";
				IPHONEOS_DEPLOYMENT_TARGET = 9.0;
				LD_RUNPATH_SEARCH_PATHS = "$(inherited) @executable_path/Frameworks @loader_path/Frameworks";
				OTHER_LDFLAGS = "";
				PRODUCT_BUNDLE_IDENTIFIER = "com.wallapop.Nimble-Snapshots";
				PRODUCT_NAME = "$(TARGET_NAME)";
				SKIP_INSTALL = YES;
				SWIFT_INCLUDE_PATHS = "";
				SWIFT_OPTIMIZATION_LEVEL = "-Onone";
				SWIFT_VERSION = 5.0;
			};
			name = Debug;
		};
		095B47771D4773F000880922 /* Release */ = {
			isa = XCBuildConfiguration;
			baseConfigurationReference = 1A6755DD1F2A8D8E00D71721 /* Nimble_Snapshots.xcconfig */;
			buildSettings = {
				CLANG_ENABLE_MODULES = YES;
				CODE_SIGN_IDENTITY = "";
				DEFINES_MODULE = YES;
				DYLIB_COMPATIBILITY_VERSION = 1;
				DYLIB_CURRENT_VERSION = 1;
				DYLIB_INSTALL_NAME_BASE = "@rpath";
				ENABLE_BITCODE = NO;
				INFOPLIST_FILE = "$(SRCROOT)/Sources/Info.plist";
				INSTALL_PATH = "$(LOCAL_LIBRARY_DIR)/Frameworks";
				IPHONEOS_DEPLOYMENT_TARGET = 9.0;
				LD_RUNPATH_SEARCH_PATHS = "$(inherited) @executable_path/Frameworks @loader_path/Frameworks";
				OTHER_LDFLAGS = "";
				PRODUCT_BUNDLE_IDENTIFIER = "com.wallapop.Nimble-Snapshots";
				PRODUCT_NAME = "$(TARGET_NAME)";
				SKIP_INSTALL = YES;
				SWIFT_INCLUDE_PATHS = "";
				SWIFT_VERSION = 5.0;
			};
			name = Release;
		};
/* End XCBuildConfiguration section */

/* Begin XCConfigurationList section */
		095B47671D4773F000880922 /* Build configuration list for PBXProject "Nimble_Snapshots" */ = {
			isa = XCConfigurationList;
			buildConfigurations = (
				095B47731D4773F000880922 /* Debug */,
				095B47741D4773F000880922 /* Release */,
			);
			defaultConfigurationIsVisible = 0;
			defaultConfigurationName = Release;
		};
		095B47751D4773F000880922 /* Build configuration list for PBXNativeTarget "Nimble_Snapshots" */ = {
			isa = XCConfigurationList;
			buildConfigurations = (
				095B47761D4773F000880922 /* Debug */,
				095B47771D4773F000880922 /* Release */,
			);
			defaultConfigurationIsVisible = 0;
			defaultConfigurationName = Release;
		};
/* End XCConfigurationList section */
	};
	rootObject = 095B47641D4773F000880922 /* Project object */;
}
